{
  "name": "libi",
  "version": "0.0.0",
  "lockfileVersion": 1,
  "requires": true,
  "dependencies": {
    "hotfile": {
      "version": "0.0.3",
      "resolved": "https://registry.npmjs.org/hotfile/-/hotfile-0.0.3.tgz",
      "integrity": "sha512-fRlMcHkoX350s/aWyqlLxiZouKzF1mTJ2Gu2rP5pHgiYdphpaY+si/42uzHsrcplDga9wLsCaCyH4bnjUfqMaw=="
    },
    "lodash": {
      "version": "4.17.20",
      "resolved": "https://registry.npmjs.org/lodash/-/lodash-4.17.20.tgz",
      "integrity": "sha512-PlhdFcillOINfeV7Ni6oF1TAEayyZBoZ8bcshTHqOYJYlrqzRK5hagpagky5o4HfCzzd1TRkXPMFq6cKk9rGmA=="
    },
    "stringspector": {
      "version": "0.0.1",
      "resolved": "https://registry.npmjs.org/stringspector/-/stringspector-0.0.1.tgz",
      "integrity": "sha512-SlnUxOwpanCZdtPtzReEQGOATK5Yvln23GPfFk9mLik6C1gw5pIjZ8qmApe76PFOQ+IwB+ZW8TOuIkO5sxqNtg=="
    }
  }
}
