{
  "name": "libi",
  "version": "0.0.0",
  "lockfileVersion": 1,
  "requires": true,
  "dependencies": {
    "axios": {
      "version": "0.21.0",
      "resolved": "https://registry.npmjs.org/axios/-/axios-0.21.0.tgz",
      "integrity": "sha512-fmkJBknJKoZwem3/IKSSLpkdNXZeBu5Q7GA/aRsr2btgrptmSCxi2oFjZHqGdK9DoTil9PIHlPIZw2EcRJXRvw==",
      "requires": {
        "follow-redirects": "^1.10.0"
      }
    },
    "follow-redirects": {
      "version": "1.13.0",
      "resolved": "https://registry.npmjs.org/follow-redirects/-/follow-redirects-1.13.0.tgz",
      "integrity": "sha512-aq6gF1BEKje4a9i9+5jimNFIpq4Q1WiwBToeRK5NvZBd/TRsmW8BsJfOEGkr76TbOyPVD3OVDN910EcUNtRYEA=="
    },
    "hotfile": {
      "version": "0.0.3",
      "resolved": "https://registry.npmjs.org/hotfile/-/hotfile-0.0.3.tgz",
      "integrity": "sha512-fRlMcHkoX350s/aWyqlLxiZouKzF1mTJ2Gu2rP5pHgiYdphpaY+si/42uzHsrcplDga9wLsCaCyH4bnjUfqMaw=="
    },
    "lodash": {
      "version": "4.17.20",
      "resolved": "https://registry.npmjs.org/lodash/-/lodash-4.17.20.tgz",
      "integrity": "sha512-PlhdFcillOINfeV7Ni6oF1TAEayyZBoZ8bcshTHqOYJYlrqzRK5hagpagky5o4HfCzzd1TRkXPMFq6cKk9rGmA=="
    },
    "meta-agent": {
      "version": "0.0.6",
      "resolved": "https://registry.npmjs.org/meta-agent/-/meta-agent-0.0.6.tgz",
      "integrity": "sha512-TosZr48+j7Dz7kWV/4L+tg5rcGVRemrTyC7VtHELrQfrhnH+GCCtDpq4DindHv/pkGh6yQGsTrk68g3Z7KW1tA=="
    },
    "stringspector": {
      "version": "0.0.2",
      "resolved": "https://registry.npmjs.org/stringspector/-/stringspector-0.0.2.tgz",
      "integrity": "sha512-5iAul81qkCr4EmE9HQtfjCekvJxolwcgErVE3cFvCwDoWcukmkpvMTW78lWJAqlbIu7K6lYh/t2jF/uLI6Ghvg=="
    }
  }
}
