{
  "name": "libi",
  "version": "0.0.0",
  "lockfileVersion": 1,
  "requires": true,
  "dependencies": {
    "axios": {
      "version": "0.21.0",
      "resolved": "https://registry.npmjs.org/axios/-/axios-0.21.0.tgz",
      "integrity": "sha512-fmkJBknJKoZwem3/IKSSLpkdNXZeBu5Q7GA/aRsr2btgrptmSCxi2oFjZHqGdK9DoTil9PIHlPIZw2EcRJXRvw==",
      "requires": {
        "follow-redirects": "^1.10.0"
      }
    },
    "buffer-from": {
      "version": "1.1.1",
      "resolved": "https://registry.npmjs.org/buffer-from/-/buffer-from-1.1.1.tgz",
      "integrity": "sha512-MQcXEUbCKtEo7bhqEs6560Hyd4XaovZlO/k9V3hjVUF/zwW7KBVdSK4gIt/bzwS9MbR5qob+F5jusZsb0YQK2A=="
    },
    "codepage": {
      "version": "1.4.0",
      "resolved": "https://registry.npmjs.org/codepage/-/codepage-1.4.0.tgz",
      "integrity": "sha1-/9W2A65qjrtjVZ1fuJpX0SuUODc=",
      "requires": {
        "commander": "^6.2.0",
        "concat-stream": "^2.0.0",
        "exit-on-epipe": "^1.0.1",
        "voc": "^1.2.0"
      }
    },
    "commander": {
      "version": "6.2.0",
      "resolved": "https://registry.npmjs.org/commander/-/commander-6.2.0.tgz",
      "integrity": "sha512-zP4jEKbe8SHzKJYQmq8Y9gYjtO/POJLgIdKgV7B9qNmABVFVc+ctqSX6iXh4mCpJfRBOabiZ2YKPg8ciDw6C+Q=="
    },
    "concat-stream": {
      "version": "2.0.0",
      "resolved": "https://registry.npmjs.org/concat-stream/-/concat-stream-2.0.0.tgz",
      "integrity": "sha512-MWufYdFw53ccGjCA+Ol7XJYpAlW6/prSMzuPOTRnJGcGzuhLn4Scrz7qf6o8bROZ514ltazcIFJZevcfbo0x7A==",
      "requires": {
        "buffer-from": "^1.0.0",
        "inherits": "^2.0.3",
        "readable-stream": "^3.0.2",
        "typedarray": "^0.0.6"
      }
    },
    "exit-on-epipe": {
      "version": "1.0.1",
      "resolved": "https://registry.npmjs.org/exit-on-epipe/-/exit-on-epipe-1.0.1.tgz",
      "integrity": "sha512-h2z5mrROTxce56S+pnvAV890uu7ls7f1kEvVGJbw1OlFH3/mlJ5bkXu0KRyW94v37zzHPiUd55iLn3DA7TjWpw=="
    },
    "follow-redirects": {
      "version": "1.13.0",
      "resolved": "https://registry.npmjs.org/follow-redirects/-/follow-redirects-1.13.0.tgz",
      "integrity": "sha512-aq6gF1BEKje4a9i9+5jimNFIpq4Q1WiwBToeRK5NvZBd/TRsmW8BsJfOEGkr76TbOyPVD3OVDN910EcUNtRYEA=="
    },
    "hotfile": {
      "version": "0.0.6",
      "resolved": "https://registry.npmjs.org/hotfile/-/hotfile-0.0.6.tgz",
      "integrity": "sha512-26sA5A3SzdRKjuOtYvcDnnjRc4C4PW/KEzZeBhBybbXerIGJS4QPozF4LXbRL2+f2ta0q/lOeS6T/2Au8V3jpg=="
    },
    "inherits": {
      "version": "2.0.4",
      "resolved": "https://registry.npmjs.org/inherits/-/inherits-2.0.4.tgz",
      "integrity": "sha512-k/vGaX4/Yla3WzyMCvTQOXYeIHvqOKtnqBduzTHpzpQZzAskKMhZ2K+EnBiSM9zGSoIFeMpXKxa4dYeZIQqewQ=="
    },
    "lodash": {
      "version": "4.17.20",
      "resolved": "https://registry.npmjs.org/lodash/-/lodash-4.17.20.tgz",
      "integrity": "sha512-PlhdFcillOINfeV7Ni6oF1TAEayyZBoZ8bcshTHqOYJYlrqzRK5hagpagky5o4HfCzzd1TRkXPMFq6cKk9rGmA=="
    },
    "meta-agent": {
      "version": "0.0.6",
      "resolved": "https://registry.npmjs.org/meta-agent/-/meta-agent-0.0.6.tgz",
      "integrity": "sha512-TosZr48+j7Dz7kWV/4L+tg5rcGVRemrTyC7VtHELrQfrhnH+GCCtDpq4DindHv/pkGh6yQGsTrk68g3Z7KW1tA=="
    },
    "readable-stream": {
      "version": "3.6.0",
      "resolved": "https://registry.npmjs.org/readable-stream/-/readable-stream-3.6.0.tgz",
      "integrity": "sha512-BViHy7LKeTz4oNnkcLJ+lVSL6vpiFeX6/d3oSH8zCW7UxP2onchk+vTGB143xuFjHS3deTgkKoXXymXqymiIdA==",
      "requires": {
        "inherits": "^2.0.3",
        "string_decoder": "^1.1.1",
        "util-deprecate": "^1.0.1"
      }
    },
    "safe-buffer": {
      "version": "5.2.1",
      "resolved": "https://registry.npmjs.org/safe-buffer/-/safe-buffer-5.2.1.tgz",
      "integrity": "sha512-rp3So07KcdmmKbGvgaNxQSJr7bGVSVk5S9Eq1F+ppbRo70+YeaDxkw5Dd8NPN+GD6bjnYm2VuPuCXmpuYvmCXQ=="
    },
    "srt2vtt": {
      "version": "1.3.1",
      "resolved": "https://registry.npmjs.org/srt2vtt/-/srt2vtt-1.3.1.tgz",
      "integrity": "sha1-wrUEfCwpe2k9O6tRh2Xkt8JNgXM=",
      "requires": {
        "codepage": "~1.4.0",
        "utfx": "~1.0.0"
      }
    },
    "string_decoder": {
      "version": "1.3.0",
      "resolved": "https://registry.npmjs.org/string_decoder/-/string_decoder-1.3.0.tgz",
      "integrity": "sha512-hkRX8U1WjJFd8LsDJ2yQ/wWWxaopEsABU1XfkM8A+j0+85JAGppt16cr1Whg6KIbb4okU6Mql6BOj+uup/wKeA==",
      "requires": {
        "safe-buffer": "~5.2.0"
      }
    },
    "stringspector": {
      "version": "0.0.4",
      "resolved": "https://registry.npmjs.org/stringspector/-/stringspector-0.0.4.tgz",
      "integrity": "sha512-BPD6ZxSAVEDzYXCv9KTh2vpl6VCg8VM9S5LgmvnmRf1wgbi9acIlegknsjafpT4VJXhAE00GmlNrX90d/lrNzA=="
    },
    "subsrt": {
      "version": "1.1.1",
      "resolved": "https://registry.npmjs.org/subsrt/-/subsrt-1.1.1.tgz",
      "integrity": "sha512-F15pSRRrPYnLjDKohcwkUUGhgHH+0IqpCoznMHMibZI9a2qN3ya/p3Xp/7zFOPvwez9b/qFjwtOnyS7f7d/MNw=="
    },
    "typedarray": {
      "version": "0.0.6",
      "resolved": "https://registry.npmjs.org/typedarray/-/typedarray-0.0.6.tgz",
      "integrity": "sha1-hnrHTjhkGHsdPUfZlqeOxciDB3c="
    },
    "utfx": {
      "version": "1.0.1",
      "resolved": "https://registry.npmjs.org/utfx/-/utfx-1.0.1.tgz",
      "integrity": "sha1-1Ssv1jKpnsqNnUo57s4BSmorAEg="
    },
    "util-deprecate": {
      "version": "1.0.2",
      "resolved": "https://registry.npmjs.org/util-deprecate/-/util-deprecate-1.0.2.tgz",
      "integrity": "sha1-RQ1Nyfpw3nMnYvvS1KKJgUGaDM8="
    },
    "voc": {
      "version": "1.2.0",
      "resolved": "https://registry.npmjs.org/voc/-/voc-1.2.0.tgz",
      "integrity": "sha512-BOuDjFFYvJdZO6e/N65AlaDItXo2TgyLjeyRYcqgAPkXpp5yTJcvkL2n+syO1r9Qc5g96tfBD2tuiMhYDmaGcA=="
    }
  }
}
